
Microsoft Visual Studio Solution File, Format Version 12.00
# Visual Studio Version 16
VisualStudioVersion = 16.0.30804.86
MinimumVisualStudioVersion = 10.0.40219.1
Project("{FAE04EC0-301F-11D3-BF4B-00C04F79EFBC}") = "Consumer", "Consumer\Consumer.csproj", "{13F9E229-CCA1-4DCA-AEC7-62FE7491FF22}"
EndProject
Global
	GlobalSection(SolutionConfigurationPlatforms) = preSolution
		Debug|Any CPU = Debug|Any CPU
		Release|Any CPU = Release|Any CPU
	EndGlobalSection
	GlobalSection(ProjectConfigurationPlatforms) = postSolution
		{13F9E229-CCA1-4DCA-AEC7-62FE7491FF22}.Debug|Any CPU.ActiveCfg = Debug|Any CPU
		{13F9E229-CCA1-4DCA-AEC7-62FE7491FF22}.Debug|Any CPU.Build.0 = Debug|Any CPU
		{13F9E229-CCA1-4DCA-AEC7-62FE7491FF22}.Release|Any CPU.ActiveCfg = Release|Any CPU
		{13F9E229-CCA1-4DCA-AEC7-62FE7491FF22}.Release|Any CPU.Build.0 = Release|Any CPU
	EndGlobalSection
	GlobalSection(SolutionProperties) = preSolution
		HideSolutionNode = FALSE
	EndGlobalSection
	GlobalSection(ExtensibilityGlobals) = postSolution
		SolutionGuid = {7FA7FA83-AEB3-4C24-A7A3-78F15BCC50A5}
	EndGlobalSection
EndGlobal
